
Microsoft Visual Studio Solution File, Format Version 12.00
# Visual Studio Version 17
VisualStudioVersion = 17.12.35527.113
MinimumVisualStudioVersion = 10.0.40219.1
Project("{FAE04EC0-301F-11D3-BF4B-00C04F79EFBC}") = "LieAsocial", "LieAsocial.csproj", "{1DD33572-087A-481B-8896-A84A213B9006}"
EndProject
Global
	GlobalSection(SolutionConfigurationPlatforms) = preSolution
		Debug|Any CPU = Debug|Any CPU
		Release|Any CPU = Release|Any CPU
	EndGlobalSection
	GlobalSection(ProjectConfigurationPlatforms) = postSolution
		{1DD33572-087A-481B-8896-A84A213B9006}.Debug|Any CPU.ActiveCfg = Debug|Any CPU
		{1DD33572-087A-481B-8896-A84A213B9006}.Debug|Any CPU.Build.0 = Debug|Any CPU
		{1DD33572-087A-481B-8896-A84A213B9006}.Release|Any CPU.ActiveCfg = Release|Any CPU
		{1DD33572-087A-481B-8896-A84A213B9006}.Release|Any CPU.Build.0 = Release|Any CPU
	EndGlobalSection
	GlobalSection(SolutionProperties) = preSolution
		HideSolutionNode = FALSE
	EndGlobalSection
	GlobalSection(ExtensibilityGlobals) = postSolution
		SolutionGuid = {A05FD00C-45DE-4414-86F2-D0192F7C1141}
	EndGlobalSection
EndGlobal
